
Microsoft Visual Studio Solution File, Format Version 12.00
# Visual Studio Version 16
VisualStudioVersion = 16.0.35229.62
MinimumVisualStudioVersion = 10.0.40219.1
Project("{FAE04EC0-301F-11D3-BF4B-00C04F79EFBC}") = "MvcFirmaCagri1", "MvcFirmaCagri1\MvcFirmaCagri1.csproj", "{2FDAA863-DB12-4C9E-BAD8-B6FCB83DFAB4}"
EndProject
Global
	GlobalSection(SolutionConfigurationPlatforms) = preSolution
		Debug|Any CPU = Debug|Any CPU
		Release|Any CPU = Release|Any CPU
	EndGlobalSection
	GlobalSection(ProjectConfigurationPlatforms) = postSolution
		{2FDAA863-DB12-4C9E-BAD8-B6FCB83DFAB4}.Debug|Any CPU.ActiveCfg = Debug|Any CPU
		{2FDAA863-DB12-4C9E-BAD8-B6FCB83DFAB4}.Debug|Any CPU.Build.0 = Debug|Any CPU
		{2FDAA863-DB12-4C9E-BAD8-B6FCB83DFAB4}.Release|Any CPU.ActiveCfg = Release|Any CPU
		{2FDAA863-DB12-4C9E-BAD8-B6FCB83DFAB4}.Release|Any CPU.Build.0 = Release|Any CPU
	EndGlobalSection
	GlobalSection(SolutionProperties) = preSolution
		HideSolutionNode = FALSE
	EndGlobalSection
	GlobalSection(ExtensibilityGlobals) = postSolution
		SolutionGuid = {DC390AE1-0AA0-4ADD-8FDF-7FA99458DC1F}
	EndGlobalSection
EndGlobal
